// !$*UTF8*$!
{
	archiveVersion = 1;
	classes = {
	};
	objectVersion = 50;
	objects = {

/* Begin PBXBuildFile section */
		FFACF1CA25B39DE90005CEC3 /* AppDelegate.swift in Sources */ = {isa = PBXBuildFile; fileRef = FFACF1C925B39DE90005CEC3 /* AppDelegate.swift */; };
		FFACF1CC25B39DE90005CEC3 /* SceneDelegate.swift in Sources */ = {isa = PBXBuildFile; fileRef = FFACF1CB25B39DE90005CEC3 /* SceneDelegate.swift */; };
		FFACF1D125B39DE90005CEC3 /* Main.storyboard in Resources */ = {isa = PBXBuildFile; fileRef = FFACF1CF25B39DE90005CEC3 /* Main.storyboard */; };
		FFACF1D325B39DEA0005CEC3 /* Assets.xcassets in Resources */ = {isa = PBXBuildFile; fileRef = FFACF1D225B39DEA0005CEC3 /* Assets.xcassets */; };
		FFACF1D625B39DEA0005CEC3 /* LaunchScreen.storyboard in Resources */ = {isa = PBXBuildFile; fileRef = FFACF1D425B39DEA0005CEC3 /* LaunchScreen.storyboard */; };
		FFACF1E725B39E780005CEC3 /* Contact.swift in Sources */ = {isa = PBXBuildFile; fileRef = FFACF1E625B39E780005CEC3 /* Contact.swift */; };
		FFACF1EA25B39ED60005CEC3 /* ContactController.swift in Sources */ = {isa = PBXBuildFile; fileRef = FFACF1E925B39ED60005CEC3 /* ContactController.swift */; };
		FFACF1ED25B39FC20005CEC3 /* ContactsTableViewController.swift in Sources */ = {isa = PBXBuildFile; fileRef = FFACF1EC25B39FC20005CEC3 /* ContactsTableViewController.swift */; };
		FFACF1F025B3A7D50005CEC3 /* DetailViewController.swift in Sources */ = {isa = PBXBuildFile; fileRef = FFACF1EF25B3A7D50005CEC3 /* DetailViewController.swift */; };
/* End PBXBuildFile section */

/* Begin PBXFileReference section */
		FFACF1C625B39DE90005CEC3 /* contacts.app */ = {isa = PBXFileReference; explicitFileType = wrapper.application; includeInIndex = 0; path = contacts.app; sourceTree = BUILT_PRODUCTS_DIR; };
		FFACF1C925B39DE90005CEC3 /* AppDelegate.swift */ = {isa = PBXFileReference; lastKnownFileType = sourcecode.swift; path = AppDelegate.swift; sourceTree = "<group>"; };
		FFACF1CB25B39DE90005CEC3 /* SceneDelegate.swift */ = {isa = PBXFileReference; lastKnownFileType = sourcecode.swift; path = SceneDelegate.swift; sourceTree = "<group>"; };
		FFACF1D025B39DE90005CEC3 /* Base */ = {isa = PBXFileReference; lastKnownFileType = file.storyboard; name = Base; path = Base.lproj/Main.storyboard; sourceTree = "<group>"; };
		FFACF1D225B39DEA0005CEC3 /* Assets.xcassets */ = {isa = PBXFileReference; lastKnownFileType = folder.assetcatalog; path = Assets.xcassets; sourceTree = "<group>"; };
		FFACF1D525B39DEA0005CEC3 /* Base */ = {isa = PBXFileReference; lastKnownFileType = file.storyboard; name = Base; path = Base.lproj/LaunchScreen.storyboard; sourceTree = "<group>"; };
		FFACF1D725B39DEA0005CEC3 /* Info.plist */ = {isa = PBXFileReference; lastKnownFileType = text.plist.xml; path = Info.plist; sourceTree = "<group>"; };
		FFACF1E625B39E780005CEC3 /* Contact.swift */ = {isa = PBXFileReference; lastKnownFileType = sourcecode.swift; path = Contact.swift; sourceTree = "<group>"; };
		FFACF1E925B39ED60005CEC3 /* ContactController.swift */ = {isa = PBXFileReference; lastKnownFileType = sourcecode.swift; path = ContactController.swift; sourceTree = "<group>"; };
		FFACF1EC25B39FC20005CEC3 /* ContactsTableViewController.swift */ = {isa = PBXFileReference; lastKnownFileType = sourcecode.swift; path = ContactsTableViewController.swift; sourceTree = "<group>"; };
		FFACF1EF25B3A7D50005CEC3 /* DetailViewController.swift */ = {isa = PBXFileReference; lastKnownFileType = sourcecode.swift; path = DetailViewController.swift; sourceTree = "<group>"; };
/* End PBXFileReference section */

/* Begin PBXFrameworksBuildPhase section */
		FFACF1C325B39DE90005CEC3 /* Frameworks */ = {
			isa = PBXFrameworksBuildPhase;
			buildActionMask = 2147483647;
			files = (
			);
			runOnlyForDeploymentPostprocessing = 0;
		};
/* End PBXFrameworksBuildPhase section */

/* Begin PBXGroup section */
		FFACF1BD25B39DE90005CEC3 = {
			isa = PBXGroup;
			children = (
				FFACF1C825B39DE90005CEC3 /* contacts */,
				FFACF1C725B39DE90005CEC3 /* Products */,
			);
			sourceTree = "<group>";
		};
		FFACF1C725B39DE90005CEC3 /* Products */ = {
			isa = PBXGroup;
			children = (
				FFACF1C625B39DE90005CEC3 /* contacts.app */,
			);
			name = Products;
			sourceTree = "<group>";
		};
		FFACF1C825B39DE90005CEC3 /* contacts */ = {
			isa = PBXGroup;
			children = (
				FFACF1E425B39E3E0005CEC3 /* Models */,
				FFACF1DE25B39DF90005CEC3 /* Resources */,
				FFACF1E225B39E210005CEC3 /* Controllers */,
				FFACF1E125B39E180005CEC3 /* Views */,
			);
			path = contacts;
			sourceTree = "<group>";
		};
		FFACF1DE25B39DF90005CEC3 /* Resources */ = {
			isa = PBXGroup;
			children = (
				FFACF1C925B39DE90005CEC3 /* AppDelegate.swift */,
				FFACF1CB25B39DE90005CEC3 /* SceneDelegate.swift */,
				FFACF1D225B39DEA0005CEC3 /* Assets.xcassets */,
				FFACF1D725B39DEA0005CEC3 /* Info.plist */,
			);
			path = Resources;
			sourceTree = "<group>";
		};
		FFACF1E125B39E180005CEC3 /* Views */ = {
			isa = PBXGroup;
			children = (
				FFACF1CF25B39DE90005CEC3 /* Main.storyboard */,
				FFACF1D425B39DEA0005CEC3 /* LaunchScreen.storyboard */,
			);
			path = Views;
			sourceTree = "<group>";
		};
		FFACF1E225B39E210005CEC3 /* Controllers */ = {
			isa = PBXGroup;
			children = (
				FFACF1E925B39ED60005CEC3 /* ContactController.swift */,
				FFACF1EC25B39FC20005CEC3 /* ContactsTableViewController.swift */,
				FFACF1EF25B3A7D50005CEC3 /* DetailViewController.swift */,
			);
			path = Controllers;
			sourceTree = "<group>";
		};
		FFACF1E425B39E3E0005CEC3 /* Models */ = {
			isa = PBXGroup;
			children = (
				FFACF1E625B39E780005CEC3 /* Contact.swift */,
			);
			path = Models;
			sourceTree = "<group>";
		};
/* End PBXGroup section */

/* Begin PBXNativeTarget section */
		FFACF1C525B39DE90005CEC3 /* contacts */ = {
			isa = PBXNativeTarget;
			buildConfigurationList = FFACF1DA25B39DEA0005CEC3 /* Build configuration list for PBXNativeTarget "contacts" */;
			buildPhases = (
				FFACF1C225B39DE90005CEC3 /* Sources */,
				FFACF1C325B39DE90005CEC3 /* Frameworks */,
				FFACF1C425B39DE90005CEC3 /* Resources */,
			);
			buildRules = (
			);
			dependencies = (
			);
			name = contacts;
			productName = contacts;
			productReference = FFACF1C625B39DE90005CEC3 /* contacts.app */;
			productType = "com.apple.product-type.application";
		};
/* End PBXNativeTarget section */

/* Begin PBXProject section */
		FFACF1BE25B39DE90005CEC3 /* Project object */ = {
			isa = PBXProject;
			attributes = {
				LastSwiftUpdateCheck = 1200;
				LastUpgradeCheck = 1200;
				TargetAttributes = {
					FFACF1C525B39DE90005CEC3 = {
						CreatedOnToolsVersion = 12.0.1;
					};
				};
			};
			buildConfigurationList = FFACF1C125B39DE90005CEC3 /* Build configuration list for PBXProject "contacts" */;
			compatibilityVersion = "Xcode 9.3";
			developmentRegion = en;
			hasScannedForEncodings = 0;
			knownRegions = (
				en,
				Base,
			);
			mainGroup = FFACF1BD25B39DE90005CEC3;
			productRefGroup = FFACF1C725B39DE90005CEC3 /* Products */;
			projectDirPath = "";
			projectRoot = "";
			targets = (
				FFACF1C525B39DE90005CEC3 /* contacts */,
			);
		};
/* End PBXProject section */

/* Begin PBXResourcesBuildPhase section */
		FFACF1C425B39DE90005CEC3 /* Resources */ = {
			isa = PBXResourcesBuildPhase;
			buildActionMask = 2147483647;
			files = (
				FFACF1D625B39DEA0005CEC3 /* LaunchScreen.storyboard in Resources */,
				FFACF1D325B39DEA0005CEC3 /* Assets.xcassets in Resources */,
				FFACF1D125B39DE90005CEC3 /* Main.storyboard in Resources */,
			);
			runOnlyForDeploymentPostprocessing = 0;
		};
/* End PBXResourcesBuildPhase section */

/* Begin PBXSourcesBuildPhase section */
		FFACF1C225B39DE90005CEC3 /* Sources */ = {
			isa = PBXSourcesBuildPhase;
			buildActionMask = 2147483647;
			files = (
				FFACF1E725B39E780005CEC3 /* Contact.swift in Sources */,
				FFACF1CA25B39DE90005CEC3 /* AppDelegate.swift in Sources */,
				FFACF1ED25B39FC20005CEC3 /* ContactsTableViewController.swift in Sources */,
				FFACF1F025B3A7D50005CEC3 /* DetailViewController.swift in Sources */,
				FFACF1EA25B39ED60005CEC3 /* ContactController.swift in Sources */,
				FFACF1CC25B39DE90005CEC3 /* SceneDelegate.swift in Sources */,
			);
			runOnlyForDeploymentPostprocessing = 0;
		};
/* End PBXSourcesBuildPhase section */

/* Begin PBXVariantGroup section */
		FFACF1CF25B39DE90005CEC3 /* Main.storyboard */ = {
			isa = PBXVariantGroup;
			children = (
				FFACF1D025B39DE90005CEC3 /* Base */,
			);
			name = Main.storyboard;
			sourceTree = "<group>";
		};
		FFACF1D425B39DEA0005CEC3 /* LaunchScreen.storyboard */ = {
			isa = PBXVariantGroup;
			children = (
				FFACF1D525B39DEA0005CEC3 /* Base */,
			);
			name = LaunchScreen.storyboard;
			sourceTree = "<group>";
		};
/* End PBXVariantGroup section */

/* Begin XCBuildConfiguration section */
		FFACF1D825B39DEA0005CEC3 /* Debug */ = {
			isa = XCBuildConfiguration;
			buildSettings = {
				ALWAYS_SEARCH_USER_PATHS = NO;
				CLANG_ANALYZER_NONNULL = YES;
				CLANG_ANALYZER_NUMBER_OBJECT_CONVERSION = YES_AGGRESSIVE;
				CLANG_CXX_LANGUAGE_STANDARD = "gnu++14";
				CLANG_CXX_LIBRARY = "libc++";
				CLANG_ENABLE_MODULES = YES;
				CLANG_ENABLE_OBJC_ARC = YES;
				CLANG_ENABLE_OBJC_WEAK = YES;
				CLANG_WARN_BLOCK_CAPTURE_AUTORELEASING = YES;
				CLANG_WARN_BOOL_CONVERSION = YES;
				CLANG_WARN_COMMA = YES;
				CLANG_WARN_CONSTANT_CONVERSION = YES;
				CLANG_WARN_DEPRECATED_OBJC_IMPLEMENTATIONS = YES;
				CLANG_WARN_DIRECT_OBJC_ISA_USAGE = YES_ERROR;
				CLANG_WARN_DOCUMENTATION_COMMENTS = YES;
				CLANG_WARN_EMPTY_BODY = YES;
				CLANG_WARN_ENUM_CONVERSION = YES;
				CLANG_WARN_INFINITE_RECURSION = YES;
				CLANG_WARN_INT_CONVERSION = YES;
				CLANG_WARN_NON_LITERAL_NULL_CONVERSION = YES;
				CLANG_WARN_OBJC_IMPLICIT_RETAIN_SELF = YES;
				CLANG_WARN_OBJC_LITERAL_CONVERSION = YES;
				CLANG_WARN_OBJC_ROOT_CLASS = YES_ERROR;
				CLANG_WARN_QUOTED_INCLUDE_IN_FRAMEWORK_HEADER = YES;
				CLANG_WARN_RANGE_LOOP_ANALYSIS = YES;
				CLANG_WARN_STRICT_PROTOTYPES = YES;
				CLANG_WARN_SUSPICIOUS_MOVE = YES;
				CLANG_WARN_UNGUARDED_AVAILABILITY = YES_AGGRESSIVE;
				CLANG_WARN_UNREACHABLE_CODE = YES;
				CLANG_WARN__DUPLICATE_METHOD_MATCH = YES;
				COPY_PHASE_STRIP = NO;
				DEBUG_INFORMATION_FORMAT = dwarf;
				ENABLE_STRICT_OBJC_MSGSEND = YES;
				ENABLE_TESTABILITY = YES;
				GCC_C_LANGUAGE_STANDARD = gnu11;
				GCC_DYNAMIC_NO_PIC = NO;
				GCC_NO_COMMON_BLOCKS = YES;
				GCC_OPTIMIZATION_LEVEL = 0;
				GCC_PREPROCESSOR_DEFINITIONS = (
					"DEBUG=1",
					"$(inherited)",
				);
				GCC_WARN_64_TO_32_BIT_CONVERSION = YES;
				GCC_WARN_ABOUT_RETURN_TYPE = YES_ERROR;
				GCC_WARN_UNDECLARED_SELECTOR = YES;
				GCC_WARN_UNINITIALIZED_AUTOS = YES_AGGRESSIVE;
				GCC_WARN_UNUSED_FUNCTION = YES;
				GCC_WARN_UNUSED_VARIABLE = YES;
				IPHONEOS_DEPLOYMENT_TARGET = 14.0;
				MTL_ENABLE_DEBUG_INFO = INCLUDE_SOURCE;
				MTL_FAST_MATH = YES;
				ONLY_ACTIVE_ARCH = YES;
				SDKROOT = iphoneos;
				SWIFT_ACTIVE_COMPILATION_CONDITIONS = DEBUG;
				SWIFT_OPTIMIZATION_LEVEL = "-Onone";
			};
			name = Debug;
		};
		FFACF1D925B39DEA0005CEC3 /* Release */ = {
			isa = XCBuildConfiguration;
			buildSettings = {
				ALWAYS_SEARCH_USER_PATHS = NO;
				CLANG_ANALYZER_NONNULL = YES;
				CLANG_ANALYZER_NUMBER_OBJECT_CONVERSION = YES_AGGRESSIVE;
				CLANG_CXX_LANGUAGE_STANDARD = "gnu++14";
				CLANG_CXX_LIBRARY = "libc++";
				CLANG_ENABLE_MODULES = YES;
				CLANG_ENABLE_OBJC_ARC = YES;
				CLANG_ENABLE_OBJC_WEAK = YES;
				CLANG_WARN_BLOCK_CAPTURE_AUTORELEASING = YES;
				CLANG_WARN_BOOL_CONVERSION = YES;
				CLANG_WARN_COMMA = YES;
				CLANG_WARN_CONSTANT_CONVERSION = YES;
				CLANG_WARN_DEPRECATED_OBJC_IMPLEMENTATIONS = YES;
				CLANG_WARN_DIRECT_OBJC_ISA_USAGE = YES_ERROR;
				CLANG_WARN_DOCUMENTATION_COMMENTS = YES;
				CLANG_WARN_EMPTY_BODY = YES;
				CLANG_WARN_ENUM_CONVERSION = YES;
				CLANG_WARN_INFINITE_RECURSION = YES;
				CLANG_WARN_INT_CONVERSION = YES;
				CLANG_WARN_NON_LITERAL_NULL_CONVERSION = YES;
				CLANG_WARN_OBJC_IMPLICIT_RETAIN_SELF = YES;
				CLANG_WARN_OBJC_LITERAL_CONVERSION = YES;
				CLANG_WARN_OBJC_ROOT_CLASS = YES_ERROR;
				CLANG_WARN_QUOTED_INCLUDE_IN_FRAMEWORK_HEADER = YES;
				CLANG_WARN_RANGE_LOOP_ANALYSIS = YES;
				CLANG_WARN_STRICT_PROTOTYPES = YES;
				CLANG_WARN_SUSPICIOUS_MOVE = YES;
				CLANG_WARN_UNGUARDED_AVAILABILITY = YES_AGGRESSIVE;
				CLANG_WARN_UNREACHABLE_CODE = YES;
				CLANG_WARN__DUPLICATE_METHOD_MATCH = YES;
				COPY_PHASE_STRIP = NO;
				DEBUG_INFORMATION_FORMAT = "dwarf-with-dsym";
				ENABLE_NS_ASSERTIONS = NO;
				ENABLE_STRICT_OBJC_MSGSEND = YES;
				GCC_C_LANGUAGE_STANDARD = gnu11;
				GCC_NO_COMMON_BLOCKS = YES;
				GCC_WARN_64_TO_32_BIT_CONVERSION = YES;
				GCC_WARN_ABOUT_RETURN_TYPE = YES_ERROR;
				GCC_WARN_UNDECLARED_SELECTOR = YES;
				GCC_WARN_UNINITIALIZED_AUTOS = YES_AGGRESSIVE;
				GCC_WARN_UNUSED_FUNCTION = YES;
				GCC_WARN_UNUSED_VARIABLE = YES;
				IPHONEOS_DEPLOYMENT_TARGET = 14.0;
				MTL_ENABLE_DEBUG_INFO = NO;
				MTL_FAST_MATH = YES;
				SDKROOT = iphoneos;
				SWIFT_COMPILATION_MODE = wholemodule;
				SWIFT_OPTIMIZATION_LEVEL = "-O";
				VALIDATE_PRODUCT = YES;
			};
			name = Release;
		};
		FFACF1DB25B39DEA0005CEC3 /* Debug */ = {
			isa = XCBuildConfiguration;
			buildSettings = {
				ASSETCATALOG_COMPILER_APPICON_NAME = AppIcon;
				ASSETCATALOG_COMPILER_GLOBAL_ACCENT_COLOR_NAME = AccentColor;
				CODE_SIGN_STYLE = Automatic;
				DEVELOPMENT_TEAM = 883MB467TW;
				INFOPLIST_FILE = contacts/Resources/Info.plist;
				LD_RUNPATH_SEARCH_PATHS = (
					"$(inherited)",
					"@executable_path/Frameworks",
				);
				PRODUCT_BUNDLE_IDENTIFIER = com.chriswithers456.contacts;
				PRODUCT_NAME = "$(TARGET_NAME)";
				SWIFT_VERSION = 5.0;
				TARGETED_DEVICE_FAMILY = "1,2";
			};
			name = Debug;
		};
		FFACF1DC25B39DEA0005CEC3 /* Release */ = {
			isa = XCBuildConfiguration;
			buildSettings = {
				ASSETCATALOG_COMPILER_APPICON_NAME = AppIcon;
				ASSETCATALOG_COMPILER_GLOBAL_ACCENT_COLOR_NAME = AccentColor;
				CODE_SIGN_STYLE = Automatic;
				DEVELOPMENT_TEAM = 883MB467TW;
				INFOPLIST_FILE = contacts/Resources/Info.plist;
				LD_RUNPATH_SEARCH_PATHS = (
					"$(inherited)",
					"@executable_path/Frameworks",
				);
				PRODUCT_BUNDLE_IDENTIFIER = com.chriswithers456.contacts;
				PRODUCT_NAME = "$(TARGET_NAME)";
				SWIFT_VERSION = 5.0;
				TARGETED_DEVICE_FAMILY = "1,2";
			};
			name = Release;
		};
/* End XCBuildConfiguration section */

/* Begin XCConfigurationList section */
		FFACF1C125B39DE90005CEC3 /* Build configuration list for PBXProject "contacts" */ = {
			isa = XCConfigurationList;
			buildConfigurations = (
				FFACF1D825B39DEA0005CEC3 /* Debug */,
				FFACF1D925B39DEA0005CEC3 /* Release */,
			);
			defaultConfigurationIsVisible = 0;
			defaultConfigurationName = Release;
		};
		FFACF1DA25B39DEA0005CEC3 /* Build configuration list for PBXNativeTarget "contacts" */ = {
			isa = XCConfigurationList;
			buildConfigurations = (
				FFACF1DB25B39DEA0005CEC3 /* Debug */,
				FFACF1DC25B39DEA0005CEC3 /* Release */,
			);
			defaultConfigurationIsVisible = 0;
			defaultConfigurationName = Release;
		};
/* End XCConfigurationList section */
	};
	rootObject = FFACF1BE25B39DE90005CEC3 /* Project object */;
}
